
Microsoft Visual Studio Solution File, Format Version 12.00
# Visual Studio Version 17
VisualStudioVersion = 17.8.34322.80
MinimumVisualStudioVersion = 10.0.40219.1
Project("{FAE04EC0-301F-11D3-BF4B-00C04F79EFBC}") = "GODVEIN", "GODVEIN\GODVEIN.csproj", "{71823703-DE23-455B-A801-787122A7B3DA}"
EndProject
Project("{FAE04EC0-301F-11D3-BF4B-00C04F79EFBC}") = "GECV", "GECV\GECV.csproj", "{49C484F6-F836-4392-9552-FCFA26F68345}"
EndProject
Project("{FAE04EC0-301F-11D3-BF4B-00C04F79EFBC}") = "CODEEATER", "CODEEATER\CODEEATER.csproj", "{D14A4E2C-2A18-4EC6-9DD1-1E702B5C5536}"
EndProject
Project("{FAE04EC0-301F-11D3-BF4B-00C04F79EFBC}") = "RDPFUCKER", "RDPFUCKER\RDPFUCKER.csproj", "{6E5B6B8C-FAF5-427E-80DE-6ACEBB1AED05}"
EndProject
Project("{FAE04EC0-301F-11D3-BF4B-00C04F79EFBC}") = "RETAEDOG", "GEQI\RETAEDOG.csproj", "{435BCED6-D6BC-4D45-8952-5EA87F5537E2}"
EndProject
Project("{FAE04EC0-301F-11D3-BF4B-00C04F79EFBC}") = "ProcessTester", "ProcessTester\ProcessTester.csproj", "{7E735032-C6CD-46C4-B697-F6C377214B01}"
EndProject
Project("{FAE04EC0-301F-11D3-BF4B-00C04F79EFBC}") = "GECV_Extend", "GECV_Extend\GECV_Extend.csproj", "{CD68522A-065B-4571-9080-A59D6EF19836}"
EndProject
Project("{9A19103F-16F7-4668-BE54-9A1E7A4F7556}") = "GERDP", "GERDP\GERDP.csproj", "{297D7E99-DE8D-4B88-9510-44CD24B53095}"
EndProject
Project("{FAE04EC0-301F-11D3-BF4B-00C04F79EFBC}") = "GERDP_RE", "GERDP_RE\GERDP_RE.csproj", "{241B8648-7625-43E6-9BB1-FE19807623D6}"
EndProject
Project("{FAE04EC0-301F-11D3-BF4B-00C04F79EFBC}") = "GEPSVRIFFWORKER", "GEPSVRIFFWORKER\GEPSVRIFFWORKER.csproj", "{4A647A52-3D1D-455C-9574-3700802C1624}"
EndProject
Project("{2150E333-8FDC-42A3-9474-1A3956D46DE8}") = "GodEater IV", "GodEater IV", "{F7FA77D5-9294-412E-811C-E76096228169}"
EndProject
Project("{2150E333-8FDC-42A3-9474-1A3956D46DE8}") = "CodeVein II", "CodeVein II", "{8938C117-DB36-4B04-953E-268499CFE2AE}"
EndProject
Project("{2150E333-8FDC-42A3-9474-1A3956D46DE8}") = "GECV II", "GECV II", "{CC9C13B5-2B37-4816-A3F5-A4321084738C}"
EndProject
Project("{9A19103F-16F7-4668-BE54-9A1E7A4F7556}") = "GECV_EX", "GECV II\GECV_EX\GECV_EX.csproj", "{ED693908-8C4A-4A6D-9E16-4E1591DB7946}"
EndProject
Project("{9A19103F-16F7-4668-BE54-9A1E7A4F7556}") = "GECV_EX_PRES", "GECV_EX_PRES\GECV_EX_PRES.csproj", "{59489145-D65D-43D8-A9FC-0EEA75F6E4F0}"
EndProject
Project("{9A19103F-16F7-4668-BE54-9A1E7A4F7556}") = "GECV_EX_TR2", "GECV_EX_TR2\GECV_EX_TR2.csproj", "{A38A72AC-F13D-49C7-8133-B0EC24344F70}"
EndProject
Project("{9A19103F-16F7-4668-BE54-9A1E7A4F7556}") = "GECV_EX_TR2_Editor_GUI", "GECV EX TR2 Editor GUI\GECV_EX_TR2_Editor_GUI.csproj", "{DA9AA7AC-6CF6-460B-9058-614C86EC5C3A}"
EndProject
Project("{8BC9CEB8-8B4A-11D0-8D11-00A0C91BC942}") = "GECV_PROXY", "GECV_PROXY\GECV_PROXY.vcxproj", "{4103A76B-CCAA-41DE-B5D6-3DE6E51A644D}"
EndProject
Project("{8BC9CEB8-8B4A-11D0-8D11-00A0C91BC942}") = "GECV_PROXY_HELLO", "GECV_PROXY_HELLO\GECV_PROXY_HELLO.vcxproj", "{514CBB63-6216-4B6F-BDB2-E5BBE1383830}"
EndProject
Project("{8BC9CEB8-8B4A-11D0-8D11-00A0C91BC942}") = "GECV_PROXY_TITLE", "GECV_PROXY_TITLE\GECV_PROXY_TITLE.vcxproj", "{8AE93293-078E-4E16-961C-79FEEF962BCE}"
EndProject
Project("{8BC9CEB8-8B4A-11D0-8D11-00A0C91BC942}") = "GECV_PROXY_STR", "GECV_PROXY_STR\GECV_PROXY_STR.vcxproj", "{39428588-B02F-47BE-A8E8-7B239B64A013}"
EndProject
Project("{8BC9CEB8-8B4A-11D0-8D11-00A0C91BC942}") = "GECV_PROXY_BIN", "GECV_PROXY_BIN\GECV_PROXY_BIN.vcxproj", "{96A9C763-84EB-4FD5-938D-DAC8D076D548}"
EndProject
Project("{FAE04EC0-301F-11D3-BF4B-00C04F79EFBC}") = "RETAEDOG-GUI", "RETAEDOG-GUI\RETAEDOG-GUI.csproj", "{018FC2AE-EBB8-4D3F-A88B-F3DEF9E967DF}"
EndProject
Project("{8BC9CEB8-8B4A-11D0-8D11-00A0C91BC942}") = "GECV_FILE", "GECV_FILE\GECV_FILE.vcxproj", "{930B73CA-C671-4071-8F7A-92B198A05411}"
EndProject
Project("{8BC9CEB8-8B4A-11D0-8D11-00A0C91BC942}") = "GECV_PROXY_GE1", "GECV_PROXY_GE1\GECV_PROXY_GE1.vcxproj", "{A65D6D96-1307-4BB5-A229-FF7BBA6CB7BC}"
EndProject
Project("{8BC9CEB8-8B4A-11D0-8D11-00A0C91BC942}") = "GECV_PROXY_GE2", "GECV_PROXY_GE2\GECV_PROXY_GE2.vcxproj", "{AFD78B1B-539B-4213-837B-2F99A5FE7C90}"
EndProject
Project("{FAE04EC0-301F-11D3-BF4B-00C04F79EFBC}") = "gms-picker", "gms-picker\gms-picker.csproj", "{E6378A53-BD46-4E50-AE3E-5F50E4B0B34D}"
EndProject
Project("{9A19103F-16F7-4668-BE54-9A1E7A4F7556}") = "GECV_EX_BLZ4", "GECV_EX_BLZ4\GECV_EX_BLZ4.csproj", "{49050265-F3BD-4103-B4F2-2A399D2EE489}"
EndProject
Project("{9A19103F-16F7-4668-BE54-9A1E7A4F7556}") = "GECV_EX_GNF", "GECV_EX_GNF\GECV_EX_GNF.csproj", "{153EADE0-B334-47F7-A7F4-2E28AD519CAE}"
EndProject
Global
	GlobalSection(SolutionConfigurationPlatforms) = preSolution
		Debug|Any CPU = Debug|Any CPU
		Debug|x64 = Debug|x64
		Debug|x86 = Debug|x86
		Release|Any CPU = Release|Any CPU
		Release|x64 = Release|x64
		Release|x86 = Release|x86
	EndGlobalSection
	GlobalSection(ProjectConfigurationPlatforms) = postSolution
		{71823703-DE23-455B-A801-787122A7B3DA}.Debug|Any CPU.ActiveCfg = Debug|Any CPU
		{71823703-DE23-455B-A801-787122A7B3DA}.Debug|Any CPU.Build.0 = Debug|Any CPU
		{71823703-DE23-455B-A801-787122A7B3DA}.Debug|x64.ActiveCfg = Debug|Any CPU
		{71823703-DE23-455B-A801-787122A7B3DA}.Debug|x64.Build.0 = Debug|Any CPU
		{71823703-DE23-455B-A801-787122A7B3DA}.Debug|x86.ActiveCfg = Debug|Any CPU
		{71823703-DE23-455B-A801-787122A7B3DA}.Debug|x86.Build.0 = Debug|Any CPU
		{71823703-DE23-455B-A801-787122A7B3DA}.Release|Any CPU.ActiveCfg = Debug|Any CPU
		{71823703-DE23-455B-A801-787122A7B3DA}.Release|Any CPU.Build.0 = Debug|Any CPU
		{71823703-DE23-455B-A801-787122A7B3DA}.Release|x64.ActiveCfg = Debug|Any CPU
		{71823703-DE23-455B-A801-787122A7B3DA}.Release|x64.Build.0 = Debug|Any CPU
		{71823703-DE23-455B-A801-787122A7B3DA}.Release|x86.ActiveCfg = Debug|Any CPU
		{71823703-DE23-455B-A801-787122A7B3DA}.Release|x86.Build.0 = Debug|Any CPU
		{49C484F6-F836-4392-9552-FCFA26F68345}.Debug|Any CPU.ActiveCfg = Debug|Any CPU
		{49C484F6-F836-4392-9552-FCFA26F68345}.Debug|Any CPU.Build.0 = Debug|Any CPU
		{49C484F6-F836-4392-9552-FCFA26F68345}.Debug|x64.ActiveCfg = Debug|Any CPU
		{49C484F6-F836-4392-9552-FCFA26F68345}.Debug|x64.Build.0 = Debug|Any CPU
		{49C484F6-F836-4392-9552-FCFA26F68345}.Debug|x86.ActiveCfg = Debug|Any CPU
		{49C484F6-F836-4392-9552-FCFA26F68345}.Debug|x86.Build.0 = Debug|Any CPU
		{49C484F6-F836-4392-9552-FCFA26F68345}.Release|Any CPU.ActiveCfg = Debug|Any CPU
		{49C484F6-F836-4392-9552-FCFA26F68345}.Release|Any CPU.Build.0 = Debug|Any CPU
		{49C484F6-F836-4392-9552-FCFA26F68345}.Release|x64.ActiveCfg = Debug|Any CPU
		{49C484F6-F836-4392-9552-FCFA26F68345}.Release|x64.Build.0 = Debug|Any CPU
		{49C484F6-F836-4392-9552-FCFA26F68345}.Release|x86.ActiveCfg = Debug|Any CPU
		{49C484F6-F836-4392-9552-FCFA26F68345}.Release|x86.Build.0 = Debug|Any CPU
		{D14A4E2C-2A18-4EC6-9DD1-1E702B5C5536}.Debug|Any CPU.ActiveCfg = Debug|Any CPU
		{D14A4E2C-2A18-4EC6-9DD1-1E702B5C5536}.Debug|Any CPU.Build.0 = Debug|Any CPU
		{D14A4E2C-2A18-4EC6-9DD1-1E702B5C5536}.Debug|x64.ActiveCfg = Debug|Any CPU
		{D14A4E2C-2A18-4EC6-9DD1-1E702B5C5536}.Debug|x64.Build.0 = Debug|Any CPU
		{D14A4E2C-2A18-4EC6-9DD1-1E702B5C5536}.Debug|x86.ActiveCfg = Debug|Any CPU
		{D14A4E2C-2A18-4EC6-9DD1-1E702B5C5536}.Debug|x86.Build.0 = Debug|Any CPU
		{D14A4E2C-2A18-4EC6-9DD1-1E702B5C5536}.Release|Any CPU.ActiveCfg = Debug|Any CPU
		{D14A4E2C-2A18-4EC6-9DD1-1E702B5C5536}.Release|Any CPU.Build.0 = Debug|Any CPU
		{D14A4E2C-2A18-4EC6-9DD1-1E702B5C5536}.Release|x64.ActiveCfg = Debug|Any CPU
		{D14A4E2C-2A18-4EC6-9DD1-1E702B5C5536}.Release|x64.Build.0 = Debug|Any CPU
		{D14A4E2C-2A18-4EC6-9DD1-1E702B5C5536}.Release|x86.ActiveCfg = Debug|Any CPU
		{D14A4E2C-2A18-4EC6-9DD1-1E702B5C5536}.Release|x86.Build.0 = Debug|Any CPU
		{6E5B6B8C-FAF5-427E-80DE-6ACEBB1AED05}.Debug|Any CPU.ActiveCfg = Debug|Any CPU
		{6E5B6B8C-FAF5-427E-80DE-6ACEBB1AED05}.Debug|Any CPU.Build.0 = Debug|Any CPU
		{6E5B6B8C-FAF5-427E-80DE-6ACEBB1AED05}.Debug|x64.ActiveCfg = Debug|Any CPU
		{6E5B6B8C-FAF5-427E-80DE-6ACEBB1AED05}.Debug|x64.Build.0 = Debug|Any CPU
		{6E5B6B8C-FAF5-427E-80DE-6ACEBB1AED05}.Debug|x86.ActiveCfg = Debug|Any CPU
		{6E5B6B8C-FAF5-427E-80DE-6ACEBB1AED05}.Debug|x86.Build.0 = Debug|Any CPU
		{6E5B6B8C-FAF5-427E-80DE-6ACEBB1AED05}.Release|Any CPU.ActiveCfg = Release|Any CPU
		{6E5B6B8C-FAF5-427E-80DE-6ACEBB1AED05}.Release|Any CPU.Build.0 = Release|Any CPU
		{6E5B6B8C-FAF5-427E-80DE-6ACEBB1AED05}.Release|x64.ActiveCfg = Release|Any CPU
		{6E5B6B8C-FAF5-427E-80DE-6ACEBB1AED05}.Release|x64.Build.0 = Release|Any CPU
		{6E5B6B8C-FAF5-427E-80DE-6ACEBB1AED05}.Release|x86.ActiveCfg = Release|Any CPU
		{6E5B6B8C-FAF5-427E-80DE-6ACEBB1AED05}.Release|x86.Build.0 = Release|Any CPU
		{435BCED6-D6BC-4D45-8952-5EA87F5537E2}.Debug|Any CPU.ActiveCfg = Debug|Any CPU
		{435BCED6-D6BC-4D45-8952-5EA87F5537E2}.Debug|Any CPU.Build.0 = Debug|Any CPU
		{435BCED6-D6BC-4D45-8952-5EA87F5537E2}.Debug|x64.ActiveCfg = Debug|Any CPU
		{435BCED6-D6BC-4D45-8952-5EA87F5537E2}.Debug|x64.Build.0 = Debug|Any CPU
		{435BCED6-D6BC-4D45-8952-5EA87F5537E2}.Debug|x86.ActiveCfg = Debug|Any CPU
		{435BCED6-D6BC-4D45-8952-5EA87F5537E2}.Debug|x86.Build.0 = Debug|Any CPU
		{435BCED6-D6BC-4D45-8952-5EA87F5537E2}.Release|Any CPU.ActiveCfg = Release|Any CPU
		{435BCED6-D6BC-4D45-8952-5EA87F5537E2}.Release|Any CPU.Build.0 = Release|Any CPU
		{435BCED6-D6BC-4D45-8952-5EA87F5537E2}.Release|x64.ActiveCfg = Release|Any CPU
		{435BCED6-D6BC-4D45-8952-5EA87F5537E2}.Release|x64.Build.0 = Release|Any CPU
		{435BCED6-D6BC-4D45-8952-5EA87F5537E2}.Release|x86.ActiveCfg = Release|Any CPU
		{435BCED6-D6BC-4D45-8952-5EA87F5537E2}.Release|x86.Build.0 = Release|Any CPU
		{7E735032-C6CD-46C4-B697-F6C377214B01}.Debug|Any CPU.ActiveCfg = Debug|Any CPU
		{7E735032-C6CD-46C4-B697-F6C377214B01}.Debug|Any CPU.Build.0 = Debug|Any CPU
		{7E735032-C6CD-46C4-B697-F6C377214B01}.Debug|x64.ActiveCfg = Debug|Any CPU
		{7E735032-C6CD-46C4-B697-F6C377214B01}.Debug|x64.Build.0 = Debug|Any CPU
		{7E735032-C6CD-46C4-B697-F6C377214B01}.Debug|x86.ActiveCfg = Debug|Any CPU
		{7E735032-C6CD-46C4-B697-F6C377214B01}.Debug|x86.Build.0 = Debug|Any CPU
		{7E735032-C6CD-46C4-B697-F6C377214B01}.Release|Any CPU.ActiveCfg = Release|Any CPU
		{7E735032-C6CD-46C4-B697-F6C377214B01}.Release|Any CPU.Build.0 = Release|Any CPU
		{7E735032-C6CD-46C4-B697-F6C377214B01}.Release|x64.ActiveCfg = Release|Any CPU
		{7E735032-C6CD-46C4-B697-F6C377214B01}.Release|x64.Build.0 = Release|Any CPU
		{7E735032-C6CD-46C4-B697-F6C377214B01}.Release|x86.ActiveCfg = Release|Any CPU
		{7E735032-C6CD-46C4-B697-F6C377214B01}.Release|x86.Build.0 = Release|Any CPU
		{CD68522A-065B-4571-9080-A59D6EF19836}.Debug|Any CPU.ActiveCfg = Debug|Any CPU
		{CD68522A-065B-4571-9080-A59D6EF19836}.Debug|Any CPU.Build.0 = Debug|Any CPU
		{CD68522A-065B-4571-9080-A59D6EF19836}.Debug|x64.ActiveCfg = Debug|Any CPU
		{CD68522A-065B-4571-9080-A59D6EF19836}.Debug|x64.Build.0 = Debug|Any CPU
		{CD68522A-065B-4571-9080-A59D6EF19836}.Debug|x86.ActiveCfg = Debug|Any CPU
		{CD68522A-065B-4571-9080-A59D6EF19836}.Debug|x86.Build.0 = Debug|Any CPU
		{CD68522A-065B-4571-9080-A59D6EF19836}.Release|Any CPU.ActiveCfg = Release|Any CPU
		{CD68522A-065B-4571-9080-A59D6EF19836}.Release|Any CPU.Build.0 = Release|Any CPU
		{CD68522A-065B-4571-9080-A59D6EF19836}.Release|x64.ActiveCfg = Release|Any CPU
		{CD68522A-065B-4571-9080-A59D6EF19836}.Release|x64.Build.0 = Release|Any CPU
		{CD68522A-065B-4571-9080-A59D6EF19836}.Release|x86.ActiveCfg = Release|Any CPU
		{CD68522A-065B-4571-9080-A59D6EF19836}.Release|x86.Build.0 = Release|Any CPU
		{297D7E99-DE8D-4B88-9510-44CD24B53095}.Debug|Any CPU.ActiveCfg = Debug|Any CPU
		{297D7E99-DE8D-4B88-9510-44CD24B53095}.Debug|Any CPU.Build.0 = Debug|Any CPU
		{297D7E99-DE8D-4B88-9510-44CD24B53095}.Debug|x64.ActiveCfg = Debug|Any CPU
		{297D7E99-DE8D-4B88-9510-44CD24B53095}.Debug|x64.Build.0 = Debug|Any CPU
		{297D7E99-DE8D-4B88-9510-44CD24B53095}.Debug|x86.ActiveCfg = Debug|Any CPU
		{297D7E99-DE8D-4B88-9510-44CD24B53095}.Debug|x86.Build.0 = Debug|Any CPU
		{297D7E99-DE8D-4B88-9510-44CD24B53095}.Release|Any CPU.ActiveCfg = Release|Any CPU
		{297D7E99-DE8D-4B88-9510-44CD24B53095}.Release|Any CPU.Build.0 = Release|Any CPU
		{297D7E99-DE8D-4B88-9510-44CD24B53095}.Release|x64.ActiveCfg = Release|Any CPU
		{297D7E99-DE8D-4B88-9510-44CD24B53095}.Release|x64.Build.0 = Release|Any CPU
		{297D7E99-DE8D-4B88-9510-44CD24B53095}.Release|x86.ActiveCfg = Release|Any CPU
		{297D7E99-DE8D-4B88-9510-44CD24B53095}.Release|x86.Build.0 = Release|Any CPU
		{241B8648-7625-43E6-9BB1-FE19807623D6}.Debug|Any CPU.ActiveCfg = Debug|Any CPU
		{241B8648-7625-43E6-9BB1-FE19807623D6}.Debug|Any CPU.Build.0 = Debug|Any CPU
		{241B8648-7625-43E6-9BB1-FE19807623D6}.Debug|x64.ActiveCfg = Debug|Any CPU
		{241B8648-7625-43E6-9BB1-FE19807623D6}.Debug|x64.Build.0 = Debug|Any CPU
		{241B8648-7625-43E6-9BB1-FE19807623D6}.Debug|x86.ActiveCfg = Debug|Any CPU
		{241B8648-7625-43E6-9BB1-FE19807623D6}.Debug|x86.Build.0 = Debug|Any CPU
		{241B8648-7625-43E6-9BB1-FE19807623D6}.Release|Any CPU.ActiveCfg = Release|Any CPU
		{241B8648-7625-43E6-9BB1-FE19807623D6}.Release|Any CPU.Build.0 = Release|Any CPU
		{241B8648-7625-43E6-9BB1-FE19807623D6}.Release|x64.ActiveCfg = Release|Any CPU
		{241B8648-7625-43E6-9BB1-FE19807623D6}.Release|x64.Build.0 = Release|Any CPU
		{241B8648-7625-43E6-9BB1-FE19807623D6}.Release|x86.ActiveCfg = Release|Any CPU
		{241B8648-7625-43E6-9BB1-FE19807623D6}.Release|x86.Build.0 = Release|Any CPU
		{4A647A52-3D1D-455C-9574-3700802C1624}.Debug|Any CPU.ActiveCfg = Debug|Any CPU
		{4A647A52-3D1D-455C-9574-3700802C1624}.Debug|Any CPU.Build.0 = Debug|Any CPU
		{4A647A52-3D1D-455C-9574-3700802C1624}.Debug|x64.ActiveCfg = Debug|Any CPU
		{4A647A52-3D1D-455C-9574-3700802C1624}.Debug|x64.Build.0 = Debug|Any CPU
		{4A647A52-3D1D-455C-9574-3700802C1624}.Debug|x86.ActiveCfg = Debug|Any CPU
		{4A647A52-3D1D-455C-9574-3700802C1624}.Debug|x86.Build.0 = Debug|Any CPU
		{4A647A52-3D1D-455C-9574-3700802C1624}.Release|Any CPU.ActiveCfg = Release|Any CPU
		{4A647A52-3D1D-455C-9574-3700802C1624}.Release|Any CPU.Build.0 = Release|Any CPU
		{4A647A52-3D1D-455C-9574-3700802C1624}.Release|x64.ActiveCfg = Release|Any CPU
		{4A647A52-3D1D-455C-9574-3700802C1624}.Release|x64.Build.0 = Release|Any CPU
		{4A647A52-3D1D-455C-9574-3700802C1624}.Release|x86.ActiveCfg = Release|Any CPU
		{4A647A52-3D1D-455C-9574-3700802C1624}.Release|x86.Build.0 = Release|Any CPU
		{ED693908-8C4A-4A6D-9E16-4E1591DB7946}.Debug|Any CPU.ActiveCfg = Debug|Any CPU
		{ED693908-8C4A-4A6D-9E16-4E1591DB7946}.Debug|Any CPU.Build.0 = Debug|Any CPU
		{ED693908-8C4A-4A6D-9E16-4E1591DB7946}.Debug|x64.ActiveCfg = Debug|Any CPU
		{ED693908-8C4A-4A6D-9E16-4E1591DB7946}.Debug|x64.Build.0 = Debug|Any CPU
		{ED693908-8C4A-4A6D-9E16-4E1591DB7946}.Debug|x86.ActiveCfg = Debug|Any CPU
		{ED693908-8C4A-4A6D-9E16-4E1591DB7946}.Debug|x86.Build.0 = Debug|Any CPU
		{ED693908-8C4A-4A6D-9E16-4E1591DB7946}.Release|Any CPU.ActiveCfg = Release|Any CPU
		{ED693908-8C4A-4A6D-9E16-4E1591DB7946}.Release|Any CPU.Build.0 = Release|Any CPU
		{ED693908-8C4A-4A6D-9E16-4E1591DB7946}.Release|x64.ActiveCfg = Release|Any CPU
		{ED693908-8C4A-4A6D-9E16-4E1591DB7946}.Release|x64.Build.0 = Release|Any CPU
		{ED693908-8C4A-4A6D-9E16-4E1591DB7946}.Release|x86.ActiveCfg = Release|Any CPU
		{ED693908-8C4A-4A6D-9E16-4E1591DB7946}.Release|x86.Build.0 = Release|Any CPU
		{59489145-D65D-43D8-A9FC-0EEA75F6E4F0}.Debug|Any CPU.ActiveCfg = Debug|Any CPU
		{59489145-D65D-43D8-A9FC-0EEA75F6E4F0}.Debug|Any CPU.Build.0 = Debug|Any CPU
		{59489145-D65D-43D8-A9FC-0EEA75F6E4F0}.Debug|x64.ActiveCfg = Debug|Any CPU
		{59489145-D65D-43D8-A9FC-0EEA75F6E4F0}.Debug|x64.Build.0 = Debug|Any CPU
		{59489145-D65D-43D8-A9FC-0EEA75F6E4F0}.Debug|x86.ActiveCfg = Debug|Any CPU
		{59489145-D65D-43D8-A9FC-0EEA75F6E4F0}.Debug|x86.Build.0 = Debug|Any CPU
		{59489145-D65D-43D8-A9FC-0EEA75F6E4F0}.Release|Any CPU.ActiveCfg = Release|Any CPU
		{59489145-D65D-43D8-A9FC-0EEA75F6E4F0}.Release|Any CPU.Build.0 = Release|Any CPU
		{59489145-D65D-43D8-A9FC-0EEA75F6E4F0}.Release|x64.ActiveCfg = Release|Any CPU
		{59489145-D65D-43D8-A9FC-0EEA75F6E4F0}.Release|x64.Build.0 = Release|Any CPU
		{59489145-D65D-43D8-A9FC-0EEA75F6E4F0}.Release|x86.ActiveCfg = Release|Any CPU
		{59489145-D65D-43D8-A9FC-0EEA75F6E4F0}.Release|x86.Build.0 = Release|Any CPU
		{A38A72AC-F13D-49C7-8133-B0EC24344F70}.Debug|Any CPU.ActiveCfg = Debug|Any CPU
		{A38A72AC-F13D-49C7-8133-B0EC24344F70}.Debug|Any CPU.Build.0 = Debug|Any CPU
		{A38A72AC-F13D-49C7-8133-B0EC24344F70}.Debug|x64.ActiveCfg = Debug|Any CPU
		{A38A72AC-F13D-49C7-8133-B0EC24344F70}.Debug|x64.Build.0 = Debug|Any CPU
		{A38A72AC-F13D-49C7-8133-B0EC24344F70}.Debug|x86.ActiveCfg = Debug|Any CPU
		{A38A72AC-F13D-49C7-8133-B0EC24344F70}.Debug|x86.Build.0 = Debug|Any CPU
		{A38A72AC-F13D-49C7-8133-B0EC24344F70}.Release|Any CPU.ActiveCfg = Release|Any CPU
		{A38A72AC-F13D-49C7-8133-B0EC24344F70}.Release|Any CPU.Build.0 = Release|Any CPU
		{A38A72AC-F13D-49C7-8133-B0EC24344F70}.Release|x64.ActiveCfg = Release|Any CPU
		{A38A72AC-F13D-49C7-8133-B0EC24344F70}.Release|x64.Build.0 = Release|Any CPU
		{A38A72AC-F13D-49C7-8133-B0EC24344F70}.Release|x86.ActiveCfg = Release|Any CPU
		{A38A72AC-F13D-49C7-8133-B0EC24344F70}.Release|x86.Build.0 = Release|Any CPU
		{DA9AA7AC-6CF6-460B-9058-614C86EC5C3A}.Debug|Any CPU.ActiveCfg = Debug|Any CPU
		{DA9AA7AC-6CF6-460B-9058-614C86EC5C3A}.Debug|Any CPU.Build.0 = Debug|Any CPU
		{DA9AA7AC-6CF6-460B-9058-614C86EC5C3A}.Debug|x64.ActiveCfg = Debug|Any CPU
		{DA9AA7AC-6CF6-460B-9058-614C86EC5C3A}.Debug|x64.Build.0 = Debug|Any CPU
		{DA9AA7AC-6CF6-460B-9058-614C86EC5C3A}.Debug|x86.ActiveCfg = Debug|Any CPU
		{DA9AA7AC-6CF6-460B-9058-614C86EC5C3A}.Debug|x86.Build.0 = Debug|Any CPU
		{DA9AA7AC-6CF6-460B-9058-614C86EC5C3A}.Release|Any CPU.ActiveCfg = Release|Any CPU
		{DA9AA7AC-6CF6-460B-9058-614C86EC5C3A}.Release|Any CPU.Build.0 = Release|Any CPU
		{DA9AA7AC-6CF6-460B-9058-614C86EC5C3A}.Release|x64.ActiveCfg = Release|Any CPU
		{DA9AA7AC-6CF6-460B-9058-614C86EC5C3A}.Release|x64.Build.0 = Release|Any CPU
		{DA9AA7AC-6CF6-460B-9058-614C86EC5C3A}.Release|x86.ActiveCfg = Release|Any CPU
		{DA9AA7AC-6CF6-460B-9058-614C86EC5C3A}.Release|x86.Build.0 = Release|Any CPU
		{4103A76B-CCAA-41DE-B5D6-3DE6E51A644D}.Debug|Any CPU.ActiveCfg = Debug|x64
		{4103A76B-CCAA-41DE-B5D6-3DE6E51A644D}.Debug|Any CPU.Build.0 = Debug|x64
		{4103A76B-CCAA-41DE-B5D6-3DE6E51A644D}.Debug|x64.ActiveCfg = Release|Win32
		{4103A76B-CCAA-41DE-B5D6-3DE6E51A644D}.Debug|x64.Build.0 = Release|Win32
		{4103A76B-CCAA-41DE-B5D6-3DE6E51A644D}.Debug|x86.ActiveCfg = Debug|Win32
		{4103A76B-CCAA-41DE-B5D6-3DE6E51A644D}.Debug|x86.Build.0 = Debug|Win32
		{4103A76B-CCAA-41DE-B5D6-3DE6E51A644D}.Release|Any CPU.ActiveCfg = Release|x64
		{4103A76B-CCAA-41DE-B5D6-3DE6E51A644D}.Release|Any CPU.Build.0 = Release|x64
		{4103A76B-CCAA-41DE-B5D6-3DE6E51A644D}.Release|x64.ActiveCfg = Release|x64
		{4103A76B-CCAA-41DE-B5D6-3DE6E51A644D}.Release|x64.Build.0 = Release|x64
		{4103A76B-CCAA-41DE-B5D6-3DE6E51A644D}.Release|x86.ActiveCfg = Release|Win32
		{4103A76B-CCAA-41DE-B5D6-3DE6E51A644D}.Release|x86.Build.0 = Release|Win32
		{514CBB63-6216-4B6F-BDB2-E5BBE1383830}.Debug|Any CPU.ActiveCfg = Debug|x64
		{514CBB63-6216-4B6F-BDB2-E5BBE1383830}.Debug|Any CPU.Build.0 = Debug|x64
		{514CBB63-6216-4B6F-BDB2-E5BBE1383830}.Debug|x64.ActiveCfg = Release|Win32
		{514CBB63-6216-4B6F-BDB2-E5BBE1383830}.Debug|x64.Build.0 = Release|Win32
		{514CBB63-6216-4B6F-BDB2-E5BBE1383830}.Debug|x86.ActiveCfg = Debug|Win32
		{514CBB63-6216-4B6F-BDB2-E5BBE1383830}.Debug|x86.Build.0 = Debug|Win32
		{514CBB63-6216-4B6F-BDB2-E5BBE1383830}.Release|Any CPU.ActiveCfg = Release|x64
		{514CBB63-6216-4B6F-BDB2-E5BBE1383830}.Release|Any CPU.Build.0 = Release|x64
		{514CBB63-6216-4B6F-BDB2-E5BBE1383830}.Release|x64.ActiveCfg = Release|x64
		{514CBB63-6216-4B6F-BDB2-E5BBE1383830}.Release|x64.Build.0 = Release|x64
		{514CBB63-6216-4B6F-BDB2-E5BBE1383830}.Release|x86.ActiveCfg = Release|Win32
		{514CBB63-6216-4B6F-BDB2-E5BBE1383830}.Release|x86.Build.0 = Release|Win32
		{8AE93293-078E-4E16-961C-79FEEF962BCE}.Debug|Any CPU.ActiveCfg = Debug|x64
		{8AE93293-078E-4E16-961C-79FEEF962BCE}.Debug|Any CPU.Build.0 = Debug|x64
		{8AE93293-078E-4E16-961C-79FEEF962BCE}.Debug|x64.ActiveCfg = Release|Win32
		{8AE93293-078E-4E16-961C-79FEEF962BCE}.Debug|x64.Build.0 = Release|Win32
		{8AE93293-078E-4E16-961C-79FEEF962BCE}.Debug|x86.ActiveCfg = Debug|Win32
		{8AE93293-078E-4E16-961C-79FEEF962BCE}.Debug|x86.Build.0 = Debug|Win32
		{8AE93293-078E-4E16-961C-79FEEF962BCE}.Release|Any CPU.ActiveCfg = Release|x64
		{8AE93293-078E-4E16-961C-79FEEF962BCE}.Release|Any CPU.Build.0 = Release|x64
		{8AE93293-078E-4E16-961C-79FEEF962BCE}.Release|x64.ActiveCfg = Release|x64
		{8AE93293-078E-4E16-961C-79FEEF962BCE}.Release|x64.Build.0 = Release|x64
		{8AE93293-078E-4E16-961C-79FEEF962BCE}.Release|x86.ActiveCfg = Release|Win32
		{8AE93293-078E-4E16-961C-79FEEF962BCE}.Release|x86.Build.0 = Release|Win32
		{39428588-B02F-47BE-A8E8-7B239B64A013}.Debug|Any CPU.ActiveCfg = Debug|x64
		{39428588-B02F-47BE-A8E8-7B239B64A013}.Debug|Any CPU.Build.0 = Debug|x64
		{39428588-B02F-47BE-A8E8-7B239B64A013}.Debug|x64.ActiveCfg = Release|Win32
		{39428588-B02F-47BE-A8E8-7B239B64A013}.Debug|x64.Build.0 = Release|Win32
		{39428588-B02F-47BE-A8E8-7B239B64A013}.Debug|x86.ActiveCfg = Debug|Win32
		{39428588-B02F-47BE-A8E8-7B239B64A013}.Debug|x86.Build.0 = Debug|Win32
		{39428588-B02F-47BE-A8E8-7B239B64A013}.Release|Any CPU.ActiveCfg = Release|x64
		{39428588-B02F-47BE-A8E8-7B239B64A013}.Release|Any CPU.Build.0 = Release|x64
		{39428588-B02F-47BE-A8E8-7B239B64A013}.Release|x64.ActiveCfg = Release|x64
		{39428588-B02F-47BE-A8E8-7B239B64A013}.Release|x64.Build.0 = Release|x64
		{39428588-B02F-47BE-A8E8-7B239B64A013}.Release|x86.ActiveCfg = Release|Win32
		{39428588-B02F-47BE-A8E8-7B239B64A013}.Release|x86.Build.0 = Release|Win32
		{96A9C763-84EB-4FD5-938D-DAC8D076D548}.Debug|Any CPU.ActiveCfg = Debug|x64
		{96A9C763-84EB-4FD5-938D-DAC8D076D548}.Debug|Any CPU.Build.0 = Debug|x64
		{96A9C763-84EB-4FD5-938D-DAC8D076D548}.Debug|x64.ActiveCfg = Release|Win32
		{96A9C763-84EB-4FD5-938D-DAC8D076D548}.Debug|x64.Build.0 = Release|Win32
		{96A9C763-84EB-4FD5-938D-DAC8D076D548}.Debug|x86.ActiveCfg = Debug|Win32
		{96A9C763-84EB-4FD5-938D-DAC8D076D548}.Debug|x86.Build.0 = Debug|Win32
		{96A9C763-84EB-4FD5-938D-DAC8D076D548}.Release|Any CPU.ActiveCfg = Release|x64
		{96A9C763-84EB-4FD5-938D-DAC8D076D548}.Release|Any CPU.Build.0 = Release|x64
		{96A9C763-84EB-4FD5-938D-DAC8D076D548}.Release|x64.ActiveCfg = Release|x64
		{96A9C763-84EB-4FD5-938D-DAC8D076D548}.Release|x64.Build.0 = Release|x64
		{96A9C763-84EB-4FD5-938D-DAC8D076D548}.Release|x86.ActiveCfg = Release|Win32
		{96A9C763-84EB-4FD5-938D-DAC8D076D548}.Release|x86.Build.0 = Release|Win32
		{018FC2AE-EBB8-4D3F-A88B-F3DEF9E967DF}.Debug|Any CPU.ActiveCfg = Debug|Any CPU
		{018FC2AE-EBB8-4D3F-A88B-F3DEF9E967DF}.Debug|Any CPU.Build.0 = Debug|Any CPU
		{018FC2AE-EBB8-4D3F-A88B-F3DEF9E967DF}.Debug|x64.ActiveCfg = Debug|Any CPU
		{018FC2AE-EBB8-4D3F-A88B-F3DEF9E967DF}.Debug|x64.Build.0 = Debug|Any CPU
		{018FC2AE-EBB8-4D3F-A88B-F3DEF9E967DF}.Debug|x86.ActiveCfg = Debug|Any CPU
		{018FC2AE-EBB8-4D3F-A88B-F3DEF9E967DF}.Debug|x86.Build.0 = Debug|Any CPU
		{018FC2AE-EBB8-4D3F-A88B-F3DEF9E967DF}.Release|Any CPU.ActiveCfg = Release|Any CPU
		{018FC2AE-EBB8-4D3F-A88B-F3DEF9E967DF}.Release|Any CPU.Build.0 = Release|Any CPU
		{018FC2AE-EBB8-4D3F-A88B-F3DEF9E967DF}.Release|x64.ActiveCfg = Release|Any CPU
		{018FC2AE-EBB8-4D3F-A88B-F3DEF9E967DF}.Release|x64.Build.0 = Release|Any CPU
		{018FC2AE-EBB8-4D3F-A88B-F3DEF9E967DF}.Release|x86.ActiveCfg = Release|Any CPU
		{018FC2AE-EBB8-4D3F-A88B-F3DEF9E967DF}.Release|x86.Build.0 = Release|Any CPU
		{930B73CA-C671-4071-8F7A-92B198A05411}.Debug|Any CPU.ActiveCfg = Debug|x64
		{930B73CA-C671-4071-8F7A-92B198A05411}.Debug|Any CPU.Build.0 = Debug|x64
		{930B73CA-C671-4071-8F7A-92B198A05411}.Debug|x64.ActiveCfg = Debug|x64
		{930B73CA-C671-4071-8F7A-92B198A05411}.Debug|x64.Build.0 = Debug|x64
		{930B73CA-C671-4071-8F7A-92B198A05411}.Debug|x86.ActiveCfg = Debug|Win32
		{930B73CA-C671-4071-8F7A-92B198A05411}.Debug|x86.Build.0 = Debug|Win32
		{930B73CA-C671-4071-8F7A-92B198A05411}.Release|Any CPU.ActiveCfg = Release|x64
		{930B73CA-C671-4071-8F7A-92B198A05411}.Release|Any CPU.Build.0 = Release|x64
		{930B73CA-C671-4071-8F7A-92B198A05411}.Release|x64.ActiveCfg = Release|x64
		{930B73CA-C671-4071-8F7A-92B198A05411}.Release|x64.Build.0 = Release|x64
		{930B73CA-C671-4071-8F7A-92B198A05411}.Release|x86.ActiveCfg = Release|Win32
		{930B73CA-C671-4071-8F7A-92B198A05411}.Release|x86.Build.0 = Release|Win32
		{A65D6D96-1307-4BB5-A229-FF7BBA6CB7BC}.Debug|Any CPU.ActiveCfg = Debug|x64
		{A65D6D96-1307-4BB5-A229-FF7BBA6CB7BC}.Debug|Any CPU.Build.0 = Debug|x64
		{A65D6D96-1307-4BB5-A229-FF7BBA6CB7BC}.Debug|x64.ActiveCfg = Debug|x64
		{A65D6D96-1307-4BB5-A229-FF7BBA6CB7BC}.Debug|x64.Build.0 = Debug|x64
		{A65D6D96-1307-4BB5-A229-FF7BBA6CB7BC}.Debug|x86.ActiveCfg = Debug|Win32
		{A65D6D96-1307-4BB5-A229-FF7BBA6CB7BC}.Debug|x86.Build.0 = Debug|Win32
		{A65D6D96-1307-4BB5-A229-FF7BBA6CB7BC}.Release|Any CPU.ActiveCfg = Release|x64
		{A65D6D96-1307-4BB5-A229-FF7BBA6CB7BC}.Release|Any CPU.Build.0 = Release|x64
		{A65D6D96-1307-4BB5-A229-FF7BBA6CB7BC}.Release|x64.ActiveCfg = Release|x64
		{A65D6D96-1307-4BB5-A229-FF7BBA6CB7BC}.Release|x64.Build.0 = Release|x64
		{A65D6D96-1307-4BB5-A229-FF7BBA6CB7BC}.Release|x86.ActiveCfg = Release|Win32
		{A65D6D96-1307-4BB5-A229-FF7BBA6CB7BC}.Release|x86.Build.0 = Release|Win32
		{AFD78B1B-539B-4213-837B-2F99A5FE7C90}.Debug|Any CPU.ActiveCfg = Debug|x64
		{AFD78B1B-539B-4213-837B-2F99A5FE7C90}.Debug|Any CPU.Build.0 = Debug|x64
		{AFD78B1B-539B-4213-837B-2F99A5FE7C90}.Debug|x64.ActiveCfg = Debug|x64
		{AFD78B1B-539B-4213-837B-2F99A5FE7C90}.Debug|x64.Build.0 = Debug|x64
		{AFD78B1B-539B-4213-837B-2F99A5FE7C90}.Debug|x86.ActiveCfg = Debug|Win32
		{AFD78B1B-539B-4213-837B-2F99A5FE7C90}.Debug|x86.Build.0 = Debug|Win32
		{AFD78B1B-539B-4213-837B-2F99A5FE7C90}.Release|Any CPU.ActiveCfg = Release|x64
		{AFD78B1B-539B-4213-837B-2F99A5FE7C90}.Release|Any CPU.Build.0 = Release|x64
		{AFD78B1B-539B-4213-837B-2F99A5FE7C90}.Release|x64.ActiveCfg = Release|x64
		{AFD78B1B-539B-4213-837B-2F99A5FE7C90}.Release|x64.Build.0 = Release|x64
		{AFD78B1B-539B-4213-837B-2F99A5FE7C90}.Release|x86.ActiveCfg = Release|Win32
		{AFD78B1B-539B-4213-837B-2F99A5FE7C90}.Release|x86.Build.0 = Release|Win32
		{E6378A53-BD46-4E50-AE3E-5F50E4B0B34D}.Debug|Any CPU.ActiveCfg = Debug|Any CPU
		{E6378A53-BD46-4E50-AE3E-5F50E4B0B34D}.Debug|Any CPU.Build.0 = Debug|Any CPU
		{E6378A53-BD46-4E50-AE3E-5F50E4B0B34D}.Debug|x64.ActiveCfg = Debug|Any CPU
		{E6378A53-BD46-4E50-AE3E-5F50E4B0B34D}.Debug|x64.Build.0 = Debug|Any CPU
		{E6378A53-BD46-4E50-AE3E-5F50E4B0B34D}.Debug|x86.ActiveCfg = Debug|Any CPU
		{E6378A53-BD46-4E50-AE3E-5F50E4B0B34D}.Debug|x86.Build.0 = Debug|Any CPU
		{E6378A53-BD46-4E50-AE3E-5F50E4B0B34D}.Release|Any CPU.ActiveCfg = Release|Any CPU
		{E6378A53-BD46-4E50-AE3E-5F50E4B0B34D}.Release|Any CPU.Build.0 = Release|Any CPU
		{E6378A53-BD46-4E50-AE3E-5F50E4B0B34D}.Release|x64.ActiveCfg = Release|Any CPU
		{E6378A53-BD46-4E50-AE3E-5F50E4B0B34D}.Release|x64.Build.0 = Release|Any CPU
		{E6378A53-BD46-4E50-AE3E-5F50E4B0B34D}.Release|x86.ActiveCfg = Release|Any CPU
		{E6378A53-BD46-4E50-AE3E-5F50E4B0B34D}.Release|x86.Build.0 = Release|Any CPU
		{49050265-F3BD-4103-B4F2-2A399D2EE489}.Debug|Any CPU.ActiveCfg = Debug|Any CPU
		{49050265-F3BD-4103-B4F2-2A399D2EE489}.Debug|Any CPU.Build.0 = Debug|Any CPU
		{49050265-F3BD-4103-B4F2-2A399D2EE489}.Debug|x64.ActiveCfg = Debug|Any CPU
		{49050265-F3BD-4103-B4F2-2A399D2EE489}.Debug|x64.Build.0 = Debug|Any CPU
		{49050265-F3BD-4103-B4F2-2A399D2EE489}.Debug|x86.ActiveCfg = Debug|Any CPU
		{49050265-F3BD-4103-B4F2-2A399D2EE489}.Debug|x86.Build.0 = Debug|Any CPU
		{49050265-F3BD-4103-B4F2-2A399D2EE489}.Release|Any CPU.ActiveCfg = Release|Any CPU
		{49050265-F3BD-4103-B4F2-2A399D2EE489}.Release|Any CPU.Build.0 = Release|Any CPU
		{49050265-F3BD-4103-B4F2-2A399D2EE489}.Release|x64.ActiveCfg = Release|Any CPU
		{49050265-F3BD-4103-B4F2-2A399D2EE489}.Release|x64.Build.0 = Release|Any CPU
		{49050265-F3BD-4103-B4F2-2A399D2EE489}.Release|x86.ActiveCfg = Release|Any CPU
		{49050265-F3BD-4103-B4F2-2A399D2EE489}.Release|x86.Build.0 = Release|Any CPU
		{153EADE0-B334-47F7-A7F4-2E28AD519CAE}.Debug|Any CPU.ActiveCfg = Debug|Any CPU
		{153EADE0-B334-47F7-A7F4-2E28AD519CAE}.Debug|Any CPU.Build.0 = Debug|Any CPU
		{153EADE0-B334-47F7-A7F4-2E28AD519CAE}.Debug|x64.ActiveCfg = Debug|Any CPU
		{153EADE0-B334-47F7-A7F4-2E28AD519CAE}.Debug|x64.Build.0 = Debug|Any CPU
		{153EADE0-B334-47F7-A7F4-2E28AD519CAE}.Debug|x86.ActiveCfg = Debug|Any CPU
		{153EADE0-B334-47F7-A7F4-2E28AD519CAE}.Debug|x86.Build.0 = Debug|Any CPU
		{153EADE0-B334-47F7-A7F4-2E28AD519CAE}.Release|Any CPU.ActiveCfg = Release|Any CPU
		{153EADE0-B334-47F7-A7F4-2E28AD519CAE}.Release|Any CPU.Build.0 = Release|Any CPU
		{153EADE0-B334-47F7-A7F4-2E28AD519CAE}.Release|x64.ActiveCfg = Release|Any CPU
		{153EADE0-B334-47F7-A7F4-2E28AD519CAE}.Release|x64.Build.0 = Release|Any CPU
		{153EADE0-B334-47F7-A7F4-2E28AD519CAE}.Release|x86.ActiveCfg = Release|Any CPU
		{153EADE0-B334-47F7-A7F4-2E28AD519CAE}.Release|x86.Build.0 = Release|Any CPU
	EndGlobalSection
	GlobalSection(SolutionProperties) = preSolution
		HideSolutionNode = FALSE
	EndGlobalSection
	GlobalSection(NestedProjects) = preSolution
		{ED693908-8C4A-4A6D-9E16-4E1591DB7946} = {CC9C13B5-2B37-4816-A3F5-A4321084738C}
		{59489145-D65D-43D8-A9FC-0EEA75F6E4F0} = {CC9C13B5-2B37-4816-A3F5-A4321084738C}
		{A38A72AC-F13D-49C7-8133-B0EC24344F70} = {CC9C13B5-2B37-4816-A3F5-A4321084738C}
		{DA9AA7AC-6CF6-460B-9058-614C86EC5C3A} = {CC9C13B5-2B37-4816-A3F5-A4321084738C}
		{4103A76B-CCAA-41DE-B5D6-3DE6E51A644D} = {CC9C13B5-2B37-4816-A3F5-A4321084738C}
		{514CBB63-6216-4B6F-BDB2-E5BBE1383830} = {CC9C13B5-2B37-4816-A3F5-A4321084738C}
		{8AE93293-078E-4E16-961C-79FEEF962BCE} = {CC9C13B5-2B37-4816-A3F5-A4321084738C}
		{39428588-B02F-47BE-A8E8-7B239B64A013} = {CC9C13B5-2B37-4816-A3F5-A4321084738C}
		{96A9C763-84EB-4FD5-938D-DAC8D076D548} = {CC9C13B5-2B37-4816-A3F5-A4321084738C}
	EndGlobalSection
	GlobalSection(ExtensibilityGlobals) = postSolution
		SolutionGuid = {D802F220-0BA6-46CB-9728-7257F5B8AF6B}
	EndGlobalSection
EndGlobal
